
Microsoft Visual Studio Solution File, Format Version 12.00
# Visual Studio Version 17
VisualStudioVersion = 17.0.32014.148
MinimumVisualStudioVersion = 10.0.40219.1
Project("{9A19103F-16F7-4668-BE54-9A1E7A4F7556}") = "TCPClient", "TCPClient\TCPClient.csproj", "{A2500B61-B75C-42E4-9D61-46339D60C0AF}"
EndProject
Project("{FAE04EC0-301F-11D3-BF4B-00C04F79EFBC}") = "TCPServer", "TCPServer\TCPServer.csproj", "{86275D49-A78F-42F3-B49A-CBA1AC6B02AB}"
EndProject
Global
	GlobalSection(SolutionConfigurationPlatforms) = preSolution
		Debug|Any CPU = Debug|Any CPU
		Release|Any CPU = Release|Any CPU
	EndGlobalSection
	GlobalSection(ProjectConfigurationPlatforms) = postSolution
		{A2500B61-B75C-42E4-9D61-46339D60C0AF}.Debug|Any CPU.ActiveCfg = Debug|Any CPU
		{A2500B61-B75C-42E4-9D61-46339D60C0AF}.Debug|Any CPU.Build.0 = Debug|Any CPU
		{A2500B61-B75C-42E4-9D61-46339D60C0AF}.Release|Any CPU.ActiveCfg = Release|Any CPU
		{A2500B61-B75C-42E4-9D61-46339D60C0AF}.Release|Any CPU.Build.0 = Release|Any CPU
		{86275D49-A78F-42F3-B49A-CBA1AC6B02AB}.Debug|Any CPU.ActiveCfg = Debug|Any CPU
		{86275D49-A78F-42F3-B49A-CBA1AC6B02AB}.Debug|Any CPU.Build.0 = Debug|Any CPU
		{86275D49-A78F-42F3-B49A-CBA1AC6B02AB}.Release|Any CPU.ActiveCfg = Release|Any CPU
		{86275D49-A78F-42F3-B49A-CBA1AC6B02AB}.Release|Any CPU.Build.0 = Release|Any CPU
	EndGlobalSection
	GlobalSection(SolutionProperties) = preSolution
		HideSolutionNode = FALSE
	EndGlobalSection
	GlobalSection(ExtensibilityGlobals) = postSolution
		SolutionGuid = {4A328EBD-BBC0-4C2D-9AA1-5FED326539EE}
	EndGlobalSection
EndGlobal
